
Microsoft Visual Studio Solution File, Format Version 12.00
# Visual Studio 15
VisualStudioVersion = 15.0.26124.0
MinimumVisualStudioVersion = 15.0.26124.0
Project("{2150E333-8FDC-42A3-9474-1A3956D46DE8}") = "src", "src", "{F0CE8D3A-F3CD-4A60-8776-5FA14451BBF8}"
EndProject
Project("{2150E333-8FDC-42A3-9474-1A3956D46DE8}") = "test", "test", "{24913A72-D928-433A-B2CB-C179F5C31017}"
EndProject
Project("{2150E333-8FDC-42A3-9474-1A3956D46DE8}") = "docs", "docs", "{F1DB8C17-64C9-45EF-A9A9-FA11A0EDCDB4}"
EndProject
Project("{2150E333-8FDC-42A3-9474-1A3956D46DE8}") = "root", "root", "{720FA021-26C3-444E-ACD5-C3BB26DF8901}"
	ProjectSection(SolutionItems) = preProject
		README.md = README.md
		.gitignore = .gitignore
		.editorconfig = .editorconfig
	EndProjectSection
EndProject
Project("{2150E333-8FDC-42A3-9474-1A3956D46DE8}") = "ontology", "ontology", "{906EFA17-E852-4960-816F-646724FAE296}"
	ProjectSection(SolutionItems) = preProject
		ontology\mapping_config.json = ontology\mapping_config.json
		ontology\README.md = ontology\README.md
	EndProjectSection
EndProject
Project("{FAE04EC0-301F-11D3-BF4B-00C04F79EFBC}") = "RoutableTiles.API", "src\RoutableTiles.API\RoutableTiles.API.csproj", "{5B78248F-6F3B-47C5-8F59-E5DC9C22B2D2}"
EndProject
Global
	GlobalSection(SolutionConfigurationPlatforms) = preSolution
		Debug|Any CPU = Debug|Any CPU
		Debug|x64 = Debug|x64
		Debug|x86 = Debug|x86
		Release|Any CPU = Release|Any CPU
		Release|x64 = Release|x64
		Release|x86 = Release|x86
	EndGlobalSection
	GlobalSection(SolutionProperties) = preSolution
		HideSolutionNode = FALSE
	EndGlobalSection
	GlobalSection(ProjectConfigurationPlatforms) = postSolution
		{5B78248F-6F3B-47C5-8F59-E5DC9C22B2D2}.Debug|Any CPU.ActiveCfg = Debug|Any CPU
		{5B78248F-6F3B-47C5-8F59-E5DC9C22B2D2}.Debug|Any CPU.Build.0 = Debug|Any CPU
		{5B78248F-6F3B-47C5-8F59-E5DC9C22B2D2}.Debug|x64.ActiveCfg = Debug|Any CPU
		{5B78248F-6F3B-47C5-8F59-E5DC9C22B2D2}.Debug|x64.Build.0 = Debug|Any CPU
		{5B78248F-6F3B-47C5-8F59-E5DC9C22B2D2}.Debug|x86.ActiveCfg = Debug|Any CPU
		{5B78248F-6F3B-47C5-8F59-E5DC9C22B2D2}.Debug|x86.Build.0 = Debug|Any CPU
		{5B78248F-6F3B-47C5-8F59-E5DC9C22B2D2}.Release|Any CPU.ActiveCfg = Release|Any CPU
		{5B78248F-6F3B-47C5-8F59-E5DC9C22B2D2}.Release|Any CPU.Build.0 = Release|Any CPU
		{5B78248F-6F3B-47C5-8F59-E5DC9C22B2D2}.Release|x64.ActiveCfg = Release|Any CPU
		{5B78248F-6F3B-47C5-8F59-E5DC9C22B2D2}.Release|x64.Build.0 = Release|Any CPU
		{5B78248F-6F3B-47C5-8F59-E5DC9C22B2D2}.Release|x86.ActiveCfg = Release|Any CPU
		{5B78248F-6F3B-47C5-8F59-E5DC9C22B2D2}.Release|x86.Build.0 = Release|Any CPU
	EndGlobalSection
	GlobalSection(NestedProjects) = preSolution
		{5B78248F-6F3B-47C5-8F59-E5DC9C22B2D2} = {F0CE8D3A-F3CD-4A60-8776-5FA14451BBF8}
	EndGlobalSection
EndGlobal
